
Microsoft Visual Studio Solution File, Format Version 12.00
# Visual Studio Version 17
VisualStudioVersion = 17.11.35303.130
MinimumVisualStudioVersion = 10.0.40219.1
Project("{FAE04EC0-301F-11D3-BF4B-00C04F79EFBC}") = "CalculatorProject", "CalculatorProject.csproj", "{5F07AC99-AA06-46B0-B867-CDCA32FC3575}"
EndProject
Global
	GlobalSection(SolutionConfigurationPlatforms) = preSolution
		Debug|Any CPU = Debug|Any CPU
		Release|Any CPU = Release|Any CPU
	EndGlobalSection
	GlobalSection(ProjectConfigurationPlatforms) = postSolution
		{5F07AC99-AA06-46B0-B867-CDCA32FC3575}.Debug|Any CPU.ActiveCfg = Debug|Any CPU
		{5F07AC99-AA06-46B0-B867-CDCA32FC3575}.Debug|Any CPU.Build.0 = Debug|Any CPU
		{5F07AC99-AA06-46B0-B867-CDCA32FC3575}.Release|Any CPU.ActiveCfg = Release|Any CPU
		{5F07AC99-AA06-46B0-B867-CDCA32FC3575}.Release|Any CPU.Build.0 = Release|Any CPU
	EndGlobalSection
	GlobalSection(SolutionProperties) = preSolution
		HideSolutionNode = FALSE
	EndGlobalSection
	GlobalSection(ExtensibilityGlobals) = postSolution
		SolutionGuid = {C3058F7D-5D16-49B7-A614-D04CB08294BE}
	EndGlobalSection
EndGlobal
